
Microsoft Visual Studio Solution File, Format Version 12.00
# Visual Studio Version 17
VisualStudioVersion = 17.7.34031.279
MinimumVisualStudioVersion = 10.0.40219.1
Project("{9A19103F-16F7-4668-BE54-9A1E7A4F7556}") = "A_Star", "A_Star\A_Star.csproj", "{76BB3494-BAF7-4C6D-ABE8-B8D8FD5DE5ED}"
EndProject
Project("{9A19103F-16F7-4668-BE54-9A1E7A4F7556}") = "ChessboardGraphMap", "ChessboardGraphMap\ChessboardGraphMap.csproj", "{4FC80611-3338-46EC-B603-AE23645144DF}"
EndProject
Project("{9A19103F-16F7-4668-BE54-9A1E7A4F7556}") = "GridMap", "GridMap\GridMap.csproj", "{0FE2593E-03F4-43E9-B67C-89B3BBD5EA8C}"
EndProject
Project("{9A19103F-16F7-4668-BE54-9A1E7A4F7556}") = "Tests", "Tests\Tests.csproj", "{21F49395-CD8C-47AA-AD5A-52B1B61C4515}"
EndProject
Project("{FAE04EC0-301F-11D3-BF4B-00C04F79EFBC}") = "API", "API\API.csproj", "{73D56312-6942-499A-8E59-B67A906396A2}"
EndProject
Global
	GlobalSection(SolutionConfigurationPlatforms) = preSolution
		Debug|Any CPU = Debug|Any CPU
		Release|Any CPU = Release|Any CPU
	EndGlobalSection
	GlobalSection(ProjectConfigurationPlatforms) = postSolution
		{76BB3494-BAF7-4C6D-ABE8-B8D8FD5DE5ED}.Debug|Any CPU.ActiveCfg = Debug|Any CPU
		{76BB3494-BAF7-4C6D-ABE8-B8D8FD5DE5ED}.Debug|Any CPU.Build.0 = Debug|Any CPU
		{76BB3494-BAF7-4C6D-ABE8-B8D8FD5DE5ED}.Release|Any CPU.ActiveCfg = Release|Any CPU
		{76BB3494-BAF7-4C6D-ABE8-B8D8FD5DE5ED}.Release|Any CPU.Build.0 = Release|Any CPU
		{4FC80611-3338-46EC-B603-AE23645144DF}.Debug|Any CPU.ActiveCfg = Debug|Any CPU
		{4FC80611-3338-46EC-B603-AE23645144DF}.Debug|Any CPU.Build.0 = Debug|Any CPU
		{4FC80611-3338-46EC-B603-AE23645144DF}.Release|Any CPU.ActiveCfg = Release|Any CPU
		{4FC80611-3338-46EC-B603-AE23645144DF}.Release|Any CPU.Build.0 = Release|Any CPU
		{0FE2593E-03F4-43E9-B67C-89B3BBD5EA8C}.Debug|Any CPU.ActiveCfg = Debug|Any CPU
		{0FE2593E-03F4-43E9-B67C-89B3BBD5EA8C}.Debug|Any CPU.Build.0 = Debug|Any CPU
		{0FE2593E-03F4-43E9-B67C-89B3BBD5EA8C}.Release|Any CPU.ActiveCfg = Release|Any CPU
		{0FE2593E-03F4-43E9-B67C-89B3BBD5EA8C}.Release|Any CPU.Build.0 = Release|Any CPU
		{21F49395-CD8C-47AA-AD5A-52B1B61C4515}.Debug|Any CPU.ActiveCfg = Debug|Any CPU
		{21F49395-CD8C-47AA-AD5A-52B1B61C4515}.Debug|Any CPU.Build.0 = Debug|Any CPU
		{21F49395-CD8C-47AA-AD5A-52B1B61C4515}.Release|Any CPU.ActiveCfg = Release|Any CPU
		{21F49395-CD8C-47AA-AD5A-52B1B61C4515}.Release|Any CPU.Build.0 = Release|Any CPU
		{73D56312-6942-499A-8E59-B67A906396A2}.Debug|Any CPU.ActiveCfg = Debug|Any CPU
		{73D56312-6942-499A-8E59-B67A906396A2}.Debug|Any CPU.Build.0 = Debug|Any CPU
		{73D56312-6942-499A-8E59-B67A906396A2}.Release|Any CPU.ActiveCfg = Release|Any CPU
		{73D56312-6942-499A-8E59-B67A906396A2}.Release|Any CPU.Build.0 = Release|Any CPU
	EndGlobalSection
	GlobalSection(SolutionProperties) = preSolution
		HideSolutionNode = FALSE
	EndGlobalSection
	GlobalSection(ExtensibilityGlobals) = postSolution
		SolutionGuid = {16648F0E-968A-4817-B7F4-EBDA7A19914C}
	EndGlobalSection
EndGlobal
